{
  "name": "review-yeti-legacy-runtime",
  "version": "1.0.0",
  "lockfileVersion": 3,
  "requires": true,
  "packages": {
    "": {
      "name": "review-yeti-legacy-runtime",
      "version": "1.0.0",
      "dependencies": {
        "@openrouter/sdk": "1.2.80",
        "js-yaml": "4.1.1"
      },
      "engines": {
        "node": ">=24.0.0"
      }
    },
    "node_modules/@openrouter/sdk": {
      "version": "1.2.80",
      "resolved": "https://registry.npmjs.org/@openrouter/sdk/-/sdk-1.2.80.tgz",
      "integrity": "sha512-anSNV33p+8hWOgm/m+ACymgawY0aVQ+mpuAB3BZ4xhd174us7nZJrtMpBrW0X0PNzcCmJlrEFl4FTR2E5+/Gpg==",
      "hasInstallScript": true,
      "license": "Apache-2.0",
      "dependencies": {
        "zod": "^3.25.0 || ^4.0.0"
      }
    },
    "node_modules/argparse": {
      "version": "2.0.1",
      "resolved": "https://registry.npmjs.org/argparse/-/argparse-2.0.1.tgz",
      "integrity": "sha512-8+9WqebbFzpX9OR+Wa6O29asIogeRMzcGtAINdpMHHyAg10f05aSFVBbcEqGf/PXw1EjAZ+q2/bEBg3DvurK3Q==",
      "license": "Python-2.0"
    },
    "node_modules/js-yaml": {
      "version": "4.1.1",
      "resolved": "https://registry.npmjs.org/js-yaml/-/js-yaml-4.1.1.tgz",
      "integrity": "sha512-qQKT4zQxXl8lLwBtHMWwaTcGfFOZviOJet3Oy/xmGk2gZH677CJM9EvtfdSkgWcATZhj/55JZ0rmy3myCT5lsA==",
      "license": "MIT",
      "dependencies": {
        "argparse": "^2.0.1"
      },
      "bin": {
        "js-yaml": "bin/js-yaml.js"
      }
    },
    "node_modules/zod": {
      "version": "4.5.4",
      "resolved": "https://registry.npmjs.org/zod/-/zod-4.5.4.tgz",
      "integrity": "sha512-sC95tT5iHHH9gtpj6A81kh+NEaRAUFN+qlUPDUbRfOMvNf5QCBqsb3WgvnpVtK5Y+4UfA6KqufotuTvMGiTlsA==",
      "license": "MIT",
      "funding": {
        "url": "https://github.com/sponsors/colinhacks"
      }
    }
  }
}
